
Microsoft Visual Studio Solution File, Format Version 12.00
# Visual Studio Version 17
VisualStudioVersion = 17.0.31808.319
MinimumVisualStudioVersion = 10.0.40219.1
Project("{FAE04EC0-301F-11D3-BF4B-00C04F79EFBC}") = "BasketBall_JPTV20", "BasketBall_JPTV20.csproj", "{73B543B3-811B-4517-8F94-9F403F3CA2BA}"
EndProject
Global
	GlobalSection(SolutionConfigurationPlatforms) = preSolution
		Debug|Any CPU = Debug|Any CPU
		Release|Any CPU = Release|Any CPU
	EndGlobalSection
	GlobalSection(ProjectConfigurationPlatforms) = postSolution
		{73B543B3-811B-4517-8F94-9F403F3CA2BA}.Debug|Any CPU.ActiveCfg = Debug|Any CPU
		{73B543B3-811B-4517-8F94-9F403F3CA2BA}.Debug|Any CPU.Build.0 = Debug|Any CPU
		{73B543B3-811B-4517-8F94-9F403F3CA2BA}.Release|Any CPU.ActiveCfg = Release|Any CPU
		{73B543B3-811B-4517-8F94-9F403F3CA2BA}.Release|Any CPU.Build.0 = Release|Any CPU
	EndGlobalSection
	GlobalSection(SolutionProperties) = preSolution
		HideSolutionNode = FALSE
	EndGlobalSection
	GlobalSection(ExtensibilityGlobals) = postSolution
		SolutionGuid = {B8B1E556-D63C-4CDB-A98E-7B423D5F7ED1}
	EndGlobalSection
EndGlobal
